<?xml version="1.0" encoding="UTF-8"?>
<Scheme
   version = "1.3">
   <BuildAction>
      <BuildActionEntries>
         <BuildActionEntry
            buildForRunning = "YES">
            <BuildableReference
               BuildableIdentifier = "primary"
               BlueprintIdentifier = "14C9627AF56CD5B5D3AFC379"
               BuildableName = "LONGEngine"
               BlueprintName = "LONGEngine"
               ReferencedContainer = "container:LONGEngine.xcodeproj">
            </BuildableReference>
         </BuildActionEntry>
      </BuildActionEntries>
   </BuildAction>
   <LaunchAction
      useCustomWorkingDirectory = "NO"
      buildConfiguration = "Debug">
      <BuildableProductRunnable>
         <BuildableReference
            BuildableIdentifier = "primary"
            BlueprintIdentifier = "14C9627AF56CD5B5D3AFC379"
            BuildableName = "LONGEngine"
            BlueprintName = "LONGEngine"
            ReferencedContainer = "container:LONGEngine.xcodeproj">
         </BuildableReference>
      </BuildableProductRunnable>
   </LaunchAction>
</Scheme>
